
Microsoft Visual Studio Solution File, Format Version 12.00
# Visual Studio Version 16
VisualStudioVersion = 16.0.31729.503
MinimumVisualStudioVersion = 10.0.40219.1
Project("{FAE04EC0-301F-11D3-BF4B-00C04F79EFBC}") = "ACT.EndEncounter", "ACT.EndEncounter\ACT.EndEncounter.csproj", "{C903B481-D5B3-4201-8F2E-D682B1C3A85C}"
EndProject
Global
	GlobalSection(SolutionConfigurationPlatforms) = preSolution
		Debug|Any CPU = Debug|Any CPU
		Release|Any CPU = Release|Any CPU
	EndGlobalSection
	GlobalSection(ProjectConfigurationPlatforms) = postSolution
		{C903B481-D5B3-4201-8F2E-D682B1C3A85C}.Debug|Any CPU.ActiveCfg = Debug|Any CPU
		{C903B481-D5B3-4201-8F2E-D682B1C3A85C}.Debug|Any CPU.Build.0 = Debug|Any CPU
		{C903B481-D5B3-4201-8F2E-D682B1C3A85C}.Release|Any CPU.ActiveCfg = Release|Any CPU
		{C903B481-D5B3-4201-8F2E-D682B1C3A85C}.Release|Any CPU.Build.0 = Release|Any CPU
	EndGlobalSection
	GlobalSection(SolutionProperties) = preSolution
		HideSolutionNode = FALSE
	EndGlobalSection
	GlobalSection(ExtensibilityGlobals) = postSolution
		SolutionGuid = {A9FA1104-FED8-4410-A236-2BF04B43ED33}
	EndGlobalSection
EndGlobal
